
Microsoft Visual Studio Solution File, Format Version 12.00
# Visual Studio Version 17
VisualStudioVersion = 17.5.33424.131
MinimumVisualStudioVersion = 10.0.40219.1
Project("{9A19103F-16F7-4668-BE54-9A1E7A4F7556}") = "TFAAuthenticator", "TFAAuthenticator\TFAAuthenticator.csproj", "{3735FE3C-13CB-46A2-8F00-35CB9DB92747}"
EndProject
Global
	GlobalSection(SolutionConfigurationPlatforms) = preSolution
		Debug|Any CPU = Debug|Any CPU
		Release|Any CPU = Release|Any CPU
	EndGlobalSection
	GlobalSection(ProjectConfigurationPlatforms) = postSolution
		{3735FE3C-13CB-46A2-8F00-35CB9DB92747}.Debug|Any CPU.ActiveCfg = Debug|Any CPU
		{3735FE3C-13CB-46A2-8F00-35CB9DB92747}.Debug|Any CPU.Build.0 = Debug|Any CPU
		{3735FE3C-13CB-46A2-8F00-35CB9DB92747}.Release|Any CPU.ActiveCfg = Release|Any CPU
		{3735FE3C-13CB-46A2-8F00-35CB9DB92747}.Release|Any CPU.Build.0 = Release|Any CPU
	EndGlobalSection
	GlobalSection(SolutionProperties) = preSolution
		HideSolutionNode = FALSE
	EndGlobalSection
	GlobalSection(ExtensibilityGlobals) = postSolution
		SolutionGuid = {C11F3AEE-2BFB-4298-A628-E4781570E132}
	EndGlobalSection
EndGlobal
